{
  "name": "fnirs-webpipe",
  "version": "0.3.31",
  "lockfileVersion": 3,
  "requires": true,
  "packages": {
    "": {
      "name": "fnirs-webpipe",
      "version": "0.3.31",
      "dependencies": {
        "jsfive": "^0.4.0",
        "uplot": "^1.6.32"
      },
      "devDependencies": {
        "playwright": "^1.53.0"
      }
    },
    "node_modules/fsevents": {
      "version": "2.3.2",
      "resolved": "https://registry.npmjs.org/fsevents/-/fsevents-2.3.2.tgz",
      "integrity": "sha512-xiqMQR4xAeHTuB9uWm+fFRcIOgKBMiOBP+eXiyT7jsgVCq1bkVygt00oASowB7EdtpOHaaPgKt812P9ab+DDKA==",
      "dev": true,
      "hasInstallScript": true,
      "license": "MIT",
      "optional": true,
      "os": [
        "darwin"
      ],
      "engines": {
        "node": "^8.16.0 || ^10.6.0 || >=11.0.0"
      }
    },
    "node_modules/jsfive": {
      "version": "0.4.0",
      "resolved": "https://registry.npmjs.org/jsfive/-/jsfive-0.4.0.tgz",
      "integrity": "sha512-3I3feGAFleVsChR4o4g9McAOa3bLlJ8af3oimjHt4nJNnmnbGROqRghb7m4VXNSZO8UbImN3UPc0uY2EZGIw6Q==",
      "license": "SEE LICENSE IN LICENSE.txt",
      "dependencies": {
        "pako": "^2.0.4"
      }
    },
    "node_modules/pako": {
      "version": "2.1.0",
      "resolved": "https://registry.npmjs.org/pako/-/pako-2.1.0.tgz",
      "integrity": "sha512-w+eufiZ1WuJYgPXbV/PO3NCMEc3xqylkKHzp8bxp1uW4qaSNQUkwmLLEc3kKsfz8lpV1F8Ht3U1Cm+9Srog2ug==",
      "license": "(MIT AND Zlib)"
    },
    "node_modules/playwright": {
      "version": "1.58.2",
      "resolved": "https://registry.npmjs.org/playwright/-/playwright-1.58.2.tgz",
      "integrity": "sha512-vA30H8Nvkq/cPBnNw4Q8TWz1EJyqgpuinBcHET0YVJVFldr8JDNiU9LaWAE1KqSkRYazuaBhTpB5ZzShOezQ6A==",
      "dev": true,
      "license": "Apache-2.0",
      "dependencies": {
        "playwright-core": "1.58.2"
      },
      "bin": {
        "playwright": "cli.js"
      },
      "engines": {
        "node": ">=18"
      },
      "optionalDependencies": {
        "fsevents": "2.3.2"
      }
    },
    "node_modules/playwright-core": {
      "version": "1.58.2",
      "resolved": "https://registry.npmjs.org/playwright-core/-/playwright-core-1.58.2.tgz",
      "integrity": "sha512-yZkEtftgwS8CsfYo7nm0KE8jsvm6i/PTgVtB8DL726wNf6H2IMsDuxCpJj59KDaxCtSnrWan2AeDqM7JBaultg==",
      "dev": true,
      "license": "Apache-2.0",
      "bin": {
        "playwright-core": "cli.js"
      },
      "engines": {
        "node": ">=18"
      }
    },
    "node_modules/uplot": {
      "version": "1.6.32",
      "resolved": "https://registry.npmjs.org/uplot/-/uplot-1.6.32.tgz",
      "integrity": "sha512-KIMVnG68zvu5XXUbC4LQEPnhwOxBuLyW1AHtpm6IKTXImkbLgkMy+jabjLgSLMasNuGGzQm/ep3tOkyTxpiQIw==",
      "license": "MIT"
    }
  }
}
